// !$*UTF8*$!
{
	archiveVersion = 1;
	classes = {
	};
	objectVersion = 46;
	objects = {

/* Begin PBXBuildFile section */
		A6F1A02C15B7FD9800B1362C /* UIKit.framework in Frameworks */ = {isa = PBXBuildFile; fileRef = A6F1A02B15B7FD9800B1362C /* UIKit.framework */; };
		A6F1A02E15B7FD9800B1362C /* Foundation.framework in Frameworks */ = {isa = PBXBuildFile; fileRef = A6F1A02D15B7FD9800B1362C /* Foundation.framework */; };
		A6F1A03015B7FD9800B1362C /* CoreGraphics.framework in Frameworks */ = {isa = PBXBuildFile; fileRef = A6F1A02F15B7FD9800B1362C /* CoreGraphics.framework */; };
		A6F6548B15BFFB7B005B71CA /* AppDelegate.m in Sources */ = {isa = PBXBuildFile; fileRef = A6F6547915BFFB7B005B71CA /* AppDelegate.m */; };
		A6F6548C15BFFB7B005B71CA /* InfoPlist.strings in Resources */ = {isa = PBXBuildFile; fileRef = A6F6547A15BFFB7B005B71CA /* InfoPlist.strings */; };
		A6F6548D15BFFB7B005B71CA /* main.m in Sources */ = {isa = PBXBuildFile; fileRef = A6F6547C15BFFB7B005B71CA /* main.m */; };
		A6F6548F15BFFB7B005B71CA /* DemoViewController.m in Sources */ = {isa = PBXBuildFile; fileRef = A6F6548115BFFB7B005B71CA /* DemoViewController.m */; };
		A6F6549015BFFB7B005B71CA /* DemoViewController.xib in Resources */ = {isa = PBXBuildFile; fileRef = A6F6548215BFFB7B005B71CA /* DemoViewController.xib */; };
		A6F6549115BFFB7B005B71CA /* DemoSelectionViewController.m in Sources */ = {isa = PBXBuildFile; fileRef = A6F6548515BFFB7B005B71CA /* DemoSelectionViewController.m */; };
		A6F6549215BFFB7B005B71CA /* DemoSelectionViewController.xib in Resources */ = {isa = PBXBuildFile; fileRef = A6F6548615BFFB7B005B71CA /* DemoSelectionViewController.xib */; };
		A6F6549315BFFB7B005B71CA /* DemoViewControllerXib.m in Sources */ = {isa = PBXBuildFile; fileRef = A6F6548915BFFB7B005B71CA /* DemoViewControllerXib.m */; };
		A6F6549415BFFB7B005B71CA /* DemoViewControllerXib.xib in Resources */ = {isa = PBXBuildFile; fileRef = A6F6548A15BFFB7B005B71CA /* DemoViewControllerXib.xib */; };
		A6F6549C15BFFB8F005B71CA /* MCCell.m in Sources */ = {isa = PBXBuildFile; fileRef = A6F6549715BFFB8F005B71CA /* MCCell.m */; };
		A6F6549D15BFFB8F005B71CA /* MCTableHeaderView.m in Sources */ = {isa = PBXBuildFile; fileRef = A6F6549915BFFB8F005B71CA /* MCTableHeaderView.m */; };
		A6F6549E15BFFB8F005B71CA /* MCTableScrollContainer.m in Sources */ = {isa = PBXBuildFile; fileRef = A6F6549B15BFFB8F005B71CA /* MCTableScrollContainer.m */; };
/* End PBXBuildFile section */

/* Begin PBXFileReference section */
		A6F1A02715B7FD9800B1362C /* MColumnTable.app */ = {isa = PBXFileReference; explicitFileType = wrapper.application; includeInIndex = 0; path = MColumnTable.app; sourceTree = BUILT_PRODUCTS_DIR; };
		A6F1A02B15B7FD9800B1362C /* UIKit.framework */ = {isa = PBXFileReference; lastKnownFileType = wrapper.framework; name = UIKit.framework; path = System/Library/Frameworks/UIKit.framework; sourceTree = SDKROOT; };
		A6F1A02D15B7FD9800B1362C /* Foundation.framework */ = {isa = PBXFileReference; lastKnownFileType = wrapper.framework; name = Foundation.framework; path = System/Library/Frameworks/Foundation.framework; sourceTree = SDKROOT; };
		A6F1A02F15B7FD9800B1362C /* CoreGraphics.framework */ = {isa = PBXFileReference; lastKnownFileType = wrapper.framework; name = CoreGraphics.framework; path = System/Library/Frameworks/CoreGraphics.framework; sourceTree = SDKROOT; };
		A6F6547815BFFB7B005B71CA /* AppDelegate.h */ = {isa = PBXFileReference; fileEncoding = 4; lastKnownFileType = sourcecode.c.h; path = AppDelegate.h; sourceTree = "<group>"; };
		A6F6547915BFFB7B005B71CA /* AppDelegate.m */ = {isa = PBXFileReference; fileEncoding = 4; lastKnownFileType = sourcecode.c.objc; path = AppDelegate.m; sourceTree = "<group>"; };
		A6F6547B15BFFB7B005B71CA /* en */ = {isa = PBXFileReference; lastKnownFileType = text.plist.strings; name = en; path = en.lproj/InfoPlist.strings; sourceTree = "<group>"; };
		A6F6547C15BFFB7B005B71CA /* main.m */ = {isa = PBXFileReference; fileEncoding = 4; lastKnownFileType = sourcecode.c.objc; path = main.m; sourceTree = "<group>"; };
		A6F6547D15BFFB7B005B71CA /* MColumnTable-Info.plist */ = {isa = PBXFileReference; fileEncoding = 4; lastKnownFileType = text.plist.xml; path = "MColumnTable-Info.plist"; sourceTree = "<group>"; };
		A6F6547E15BFFB7B005B71CA /* MColumnTable-Prefix.pch */ = {isa = PBXFileReference; fileEncoding = 4; lastKnownFileType = sourcecode.c.h; path = "MColumnTable-Prefix.pch"; sourceTree = "<group>"; };
		A6F6548015BFFB7B005B71CA /* DemoViewController.h */ = {isa = PBXFileReference; fileEncoding = 4; lastKnownFileType = sourcecode.c.h; path = DemoViewController.h; sourceTree = "<group>"; };
		A6F6548115BFFB7B005B71CA /* DemoViewController.m */ = {isa = PBXFileReference; fileEncoding = 4; lastKnownFileType = sourcecode.c.objc; path = DemoViewController.m; sourceTree = "<group>"; };
		A6F6548215BFFB7B005B71CA /* DemoViewController.xib */ = {isa = PBXFileReference; fileEncoding = 4; lastKnownFileType = file.xib; path = DemoViewController.xib; sourceTree = "<group>"; };
		A6F6548415BFFB7B005B71CA /* DemoSelectionViewController.h */ = {isa = PBXFileReference; fileEncoding = 4; lastKnownFileType = sourcecode.c.h; path = DemoSelectionViewController.h; sourceTree = "<group>"; };
		A6F6548515BFFB7B005B71CA /* DemoSelectionViewController.m */ = {isa = PBXFileReference; fileEncoding = 4; lastKnownFileType = sourcecode.c.objc; path = DemoSelectionViewController.m; sourceTree = "<group>"; };
		A6F6548615BFFB7B005B71CA /* DemoSelectionViewController.xib */ = {isa = PBXFileReference; fileEncoding = 4; lastKnownFileType = file.xib; path = DemoSelectionViewController.xib; sourceTree = "<group>"; };
		A6F6548815BFFB7B005B71CA /* DemoViewControllerXib.h */ = {isa = PBXFileReference; fileEncoding = 4; lastKnownFileType = sourcecode.c.h; path = DemoViewControllerXib.h; sourceTree = "<group>"; };
		A6F6548915BFFB7B005B71CA /* DemoViewControllerXib.m */ = {isa = PBXFileReference; fileEncoding = 4; lastKnownFileType = sourcecode.c.objc; path = DemoViewControllerXib.m; sourceTree = "<group>"; };
		A6F6548A15BFFB7B005B71CA /* DemoViewControllerXib.xib */ = {isa = PBXFileReference; fileEncoding = 4; lastKnownFileType = file.xib; path = DemoViewControllerXib.xib; sourceTree = "<group>"; };
		A6F6549615BFFB8F005B71CA /* MCCell.h */ = {isa = PBXFileReference; fileEncoding = 4; lastKnownFileType = sourcecode.c.h; path = MCCell.h; sourceTree = "<group>"; };
		A6F6549715BFFB8F005B71CA /* MCCell.m */ = {isa = PBXFileReference; fileEncoding = 4; lastKnownFileType = sourcecode.c.objc; path = MCCell.m; sourceTree = "<group>"; };
		A6F6549815BFFB8F005B71CA /* MCTableHeaderView.h */ = {isa = PBXFileReference; fileEncoding = 4; lastKnownFileType = sourcecode.c.h; path = MCTableHeaderView.h; sourceTree = "<group>"; };
		A6F6549915BFFB8F005B71CA /* MCTableHeaderView.m */ = {isa = PBXFileReference; fileEncoding = 4; lastKnownFileType = sourcecode.c.objc; path = MCTableHeaderView.m; sourceTree = "<group>"; };
		A6F6549A15BFFB8F005B71CA /* MCTableScrollContainer.h */ = {isa = PBXFileReference; fileEncoding = 4; lastKnownFileType = sourcecode.c.h; path = MCTableScrollContainer.h; sourceTree = "<group>"; };
		A6F6549B15BFFB8F005B71CA /* MCTableScrollContainer.m */ = {isa = PBXFileReference; fileEncoding = 4; lastKnownFileType = sourcecode.c.objc; path = MCTableScrollContainer.m; sourceTree = "<group>"; };
/* End PBXFileReference section */

/* Begin PBXFrameworksBuildPhase section */
		A6F1A02415B7FD9800B1362C /* Frameworks */ = {
			isa = PBXFrameworksBuildPhase;
			buildActionMask = 2147483647;
			files = (
				A6F1A02C15B7FD9800B1362C /* UIKit.framework in Frameworks */,
				A6F1A02E15B7FD9800B1362C /* Foundation.framework in Frameworks */,
				A6F1A03015B7FD9800B1362C /* CoreGraphics.framework in Frameworks */,
			);
			runOnlyForDeploymentPostprocessing = 0;
		};
/* End PBXFrameworksBuildPhase section */

/* Begin PBXGroup section */
		A6F1A01C15B7FD9800B1362C = {
			isa = PBXGroup;
			children = (
				A6F6549515BFFB8F005B71CA /* ScrollableMCTable */,
				A6F6547615BFFB7B005B71CA /* MColumnTable */,
				A6F1A02A15B7FD9800B1362C /* Frameworks */,
				A6F1A02815B7FD9800B1362C /* Products */,
			);
			sourceTree = "<group>";
		};
		A6F1A02815B7FD9800B1362C /* Products */ = {
			isa = PBXGroup;
			children = (
				A6F1A02715B7FD9800B1362C /* MColumnTable.app */,
			);
			name = Products;
			sourceTree = "<group>";
		};
		A6F1A02A15B7FD9800B1362C /* Frameworks */ = {
			isa = PBXGroup;
			children = (
				A6F1A02B15B7FD9800B1362C /* UIKit.framework */,
				A6F1A02D15B7FD9800B1362C /* Foundation.framework */,
				A6F1A02F15B7FD9800B1362C /* CoreGraphics.framework */,
			);
			name = Frameworks;
			sourceTree = "<group>";
		};
		A6F6547615BFFB7B005B71CA /* MColumnTable */ = {
			isa = PBXGroup;
			children = (
				A6F6547715BFFB7B005B71CA /* AppDelegate */,
				A6F6547815BFFB7B005B71CA /* AppDelegate.h */,
				A6F6547915BFFB7B005B71CA /* AppDelegate.m */,
				A6F6547A15BFFB7B005B71CA /* InfoPlist.strings */,
				A6F6547C15BFFB7B005B71CA /* main.m */,
				A6F6547D15BFFB7B005B71CA /* MColumnTable-Info.plist */,
				A6F6547E15BFFB7B005B71CA /* MColumnTable-Prefix.pch */,
				A6F6547F15BFFB7B005B71CA /* MColumnTableDemo */,
				A6F6548315BFFB7B005B71CA /* MColumnTableDemoSelectionScreen */,
				A6F6548715BFFB7B005B71CA /* MColumnTableDemoXib */,
			);
			path = MColumnTable;
			sourceTree = "<group>";
		};
		A6F6547715BFFB7B005B71CA /* AppDelegate */ = {
			isa = PBXGroup;
			children = (
			);
			path = AppDelegate;
			sourceTree = "<group>";
		};
		A6F6547F15BFFB7B005B71CA /* MColumnTableDemo */ = {
			isa = PBXGroup;
			children = (
				A6F6548015BFFB7B005B71CA /* DemoViewController.h */,
				A6F6548115BFFB7B005B71CA /* DemoViewController.m */,
				A6F6548215BFFB7B005B71CA /* DemoViewController.xib */,
			);
			path = MColumnTableDemo;
			sourceTree = "<group>";
		};
		A6F6548315BFFB7B005B71CA /* MColumnTableDemoSelectionScreen */ = {
			isa = PBXGroup;
			children = (
				A6F6548415BFFB7B005B71CA /* DemoSelectionViewController.h */,
				A6F6548515BFFB7B005B71CA /* DemoSelectionViewController.m */,
				A6F6548615BFFB7B005B71CA /* DemoSelectionViewController.xib */,
			);
			path = MColumnTableDemoSelectionScreen;
			sourceTree = "<group>";
		};
		A6F6548715BFFB7B005B71CA /* MColumnTableDemoXib */ = {
			isa = PBXGroup;
			children = (
				A6F6548815BFFB7B005B71CA /* DemoViewControllerXib.h */,
				A6F6548915BFFB7B005B71CA /* DemoViewControllerXib.m */,
				A6F6548A15BFFB7B005B71CA /* DemoViewControllerXib.xib */,
			);
			path = MColumnTableDemoXib;
			sourceTree = "<group>";
		};
		A6F6549515BFFB8F005B71CA /* ScrollableMCTable */ = {
			isa = PBXGroup;
			children = (
				A6F6549615BFFB8F005B71CA /* MCCell.h */,
				A6F6549715BFFB8F005B71CA /* MCCell.m */,
				A6F6549815BFFB8F005B71CA /* MCTableHeaderView.h */,
				A6F6549915BFFB8F005B71CA /* MCTableHeaderView.m */,
				A6F6549A15BFFB8F005B71CA /* MCTableScrollContainer.h */,
				A6F6549B15BFFB8F005B71CA /* MCTableScrollContainer.m */,
			);
			path = ScrollableMCTable;
			sourceTree = "<group>";
		};
/* End PBXGroup section */

/* Begin PBXNativeTarget section */
		A6F1A02615B7FD9800B1362C /* MColumnTable */ = {
			isa = PBXNativeTarget;
			buildConfigurationList = A6F1A03F15B7FD9800B1362C /* Build configuration list for PBXNativeTarget "MColumnTable" */;
			buildPhases = (
				A6F1A02315B7FD9800B1362C /* Sources */,
				A6F1A02415B7FD9800B1362C /* Frameworks */,
				A6F1A02515B7FD9800B1362C /* Resources */,
			);
			buildRules = (
			);
			dependencies = (
			);
			name = MColumnTable;
			productName = MColumnTable;
			productReference = A6F1A02715B7FD9800B1362C /* MColumnTable.app */;
			productType = "com.apple.product-type.application";
		};
/* End PBXNativeTarget section */

/* Begin PBXProject section */
		A6F1A01E15B7FD9800B1362C /* Project object */ = {
			isa = PBXProject;
			attributes = {
				LastUpgradeCheck = 0430;
			};
			buildConfigurationList = A6F1A02115B7FD9800B1362C /* Build configuration list for PBXProject "MColumnTable" */;
			compatibilityVersion = "Xcode 3.2";
			developmentRegion = English;
			hasScannedForEncodings = 0;
			knownRegions = (
				en,
			);
			mainGroup = A6F1A01C15B7FD9800B1362C;
			productRefGroup = A6F1A02815B7FD9800B1362C /* Products */;
			projectDirPath = "";
			projectRoot = "";
			targets = (
				A6F1A02615B7FD9800B1362C /* MColumnTable */,
			);
		};
/* End PBXProject section */

/* Begin PBXResourcesBuildPhase section */
		A6F1A02515B7FD9800B1362C /* Resources */ = {
			isa = PBXResourcesBuildPhase;
			buildActionMask = 2147483647;
			files = (
				A6F6548C15BFFB7B005B71CA /* InfoPlist.strings in Resources */,
				A6F6549015BFFB7B005B71CA /* DemoViewController.xib in Resources */,
				A6F6549215BFFB7B005B71CA /* DemoSelectionViewController.xib in Resources */,
				A6F6549415BFFB7B005B71CA /* DemoViewControllerXib.xib in Resources */,
			);
			runOnlyForDeploymentPostprocessing = 0;
		};
/* End PBXResourcesBuildPhase section */

/* Begin PBXSourcesBuildPhase section */
		A6F1A02315B7FD9800B1362C /* Sources */ = {
			isa = PBXSourcesBuildPhase;
			buildActionMask = 2147483647;
			files = (
				A6F6548B15BFFB7B005B71CA /* AppDelegate.m in Sources */,
				A6F6548D15BFFB7B005B71CA /* main.m in Sources */,
				A6F6548F15BFFB7B005B71CA /* DemoViewController.m in Sources */,
				A6F6549115BFFB7B005B71CA /* DemoSelectionViewController.m in Sources */,
				A6F6549315BFFB7B005B71CA /* DemoViewControllerXib.m in Sources */,
				A6F6549C15BFFB8F005B71CA /* MCCell.m in Sources */,
				A6F6549D15BFFB8F005B71CA /* MCTableHeaderView.m in Sources */,
				A6F6549E15BFFB8F005B71CA /* MCTableScrollContainer.m in Sources */,
			);
			runOnlyForDeploymentPostprocessing = 0;
		};
/* End PBXSourcesBuildPhase section */

/* Begin PBXVariantGroup section */
		A6F6547A15BFFB7B005B71CA /* InfoPlist.strings */ = {
			isa = PBXVariantGroup;
			children = (
				A6F6547B15BFFB7B005B71CA /* en */,
			);
			name = InfoPlist.strings;
			sourceTree = "<group>";
		};
/* End PBXVariantGroup section */

/* Begin XCBuildConfiguration section */
		A6F1A03D15B7FD9800B1362C /* Debug */ = {
			isa = XCBuildConfiguration;
			buildSettings = {
				ALWAYS_SEARCH_USER_PATHS = NO;
				ARCHS = "$(ARCHS_STANDARD_32_BIT)";
				"CODE_SIGN_IDENTITY[sdk=iphoneos*]" = "iPhone Developer";
				COPY_PHASE_STRIP = NO;
				GCC_C_LANGUAGE_STANDARD = gnu99;
				GCC_DYNAMIC_NO_PIC = NO;
				GCC_OPTIMIZATION_LEVEL = 0;
				GCC_PREPROCESSOR_DEFINITIONS = (
					"DEBUG=1",
					"$(inherited)",
				);
				GCC_SYMBOLS_PRIVATE_EXTERN = NO;
				GCC_VERSION = com.apple.compilers.llvm.clang.1_0;
				GCC_WARN_ABOUT_RETURN_TYPE = YES;
				GCC_WARN_UNINITIALIZED_AUTOS = YES;
				GCC_WARN_UNUSED_VARIABLE = YES;
				IPHONEOS_DEPLOYMENT_TARGET = 5.1;
				SDKROOT = iphoneos;
				TARGETED_DEVICE_FAMILY = "1,2";
			};
			name = Debug;
		};
		A6F1A03E15B7FD9800B1362C /* Release */ = {
			isa = XCBuildConfiguration;
			buildSettings = {
				ALWAYS_SEARCH_USER_PATHS = NO;
				ARCHS = "$(ARCHS_STANDARD_32_BIT)";
				"CODE_SIGN_IDENTITY[sdk=iphoneos*]" = "iPhone Developer";
				COPY_PHASE_STRIP = YES;
				GCC_C_LANGUAGE_STANDARD = gnu99;
				GCC_VERSION = com.apple.compilers.llvm.clang.1_0;
				GCC_WARN_ABOUT_RETURN_TYPE = YES;
				GCC_WARN_UNINITIALIZED_AUTOS = YES;
				GCC_WARN_UNUSED_VARIABLE = YES;
				IPHONEOS_DEPLOYMENT_TARGET = 5.1;
				OTHER_CFLAGS = "-DNS_BLOCK_ASSERTIONS=1";
				SDKROOT = iphoneos;
				TARGETED_DEVICE_FAMILY = "1,2";
				VALIDATE_PRODUCT = YES;
			};
			name = Release;
		};
		A6F1A04015B7FD9800B1362C /* Debug */ = {
			isa = XCBuildConfiguration;
			buildSettings = {
				CLANG_ENABLE_OBJC_ARC = YES;
				GCC_PRECOMPILE_PREFIX_HEADER = YES;
				GCC_PREFIX_HEADER = "MColumnTable/MColumnTable-Prefix.pch";
				INFOPLIST_FILE = "MColumnTable/MColumnTable-Info.plist";
				PRODUCT_NAME = "$(TARGET_NAME)";
				WRAPPER_EXTENSION = app;
			};
			name = Debug;
		};
		A6F1A04115B7FD9800B1362C /* Release */ = {
			isa = XCBuildConfiguration;
			buildSettings = {
				CLANG_ENABLE_OBJC_ARC = YES;
				GCC_PRECOMPILE_PREFIX_HEADER = YES;
				GCC_PREFIX_HEADER = "MColumnTable/MColumnTable-Prefix.pch";
				INFOPLIST_FILE = "MColumnTable/MColumnTable-Info.plist";
				PRODUCT_NAME = "$(TARGET_NAME)";
				WRAPPER_EXTENSION = app;
			};
			name = Release;
		};
/* End XCBuildConfiguration section */

/* Begin XCConfigurationList section */
		A6F1A02115B7FD9800B1362C /* Build configuration list for PBXProject "MColumnTable" */ = {
			isa = XCConfigurationList;
			buildConfigurations = (
				A6F1A03D15B7FD9800B1362C /* Debug */,
				A6F1A03E15B7FD9800B1362C /* Release */,
			);
			defaultConfigurationIsVisible = 0;
			defaultConfigurationName = Release;
		};
		A6F1A03F15B7FD9800B1362C /* Build configuration list for PBXNativeTarget "MColumnTable" */ = {
			isa = XCConfigurationList;
			buildConfigurations = (
				A6F1A04015B7FD9800B1362C /* Debug */,
				A6F1A04115B7FD9800B1362C /* Release */,
			);
			defaultConfigurationIsVisible = 0;
			defaultConfigurationName = Release;
		};
/* End XCConfigurationList section */
	};
	rootObject = A6F1A01E15B7FD9800B1362C /* Project object */;
}
